// !$*UTF8*$!
{
	archiveVersion = 1;
	classes = {
	};
	objectVersion = 50;
	objects = {

/* Begin PBXBuildFile section */
		F01AA1A525547455008DD681 /* Window.m in Sources */ = {isa = PBXBuildFile; fileRef = F01AA1A425547455008DD681 /* Window.m */; };
		F0D83B9D25506ADB00C4952A /* AppDelegate.m in Sources */ = {isa = PBXBuildFile; fileRef = F0D83B9C25506ADB00C4952A /* AppDelegate.m */; };
		F0D83BA025506ADB00C4952A /* ViewController.mm in Sources */ = {isa = PBXBuildFile; fileRef = F0D83B9F25506ADB00C4952A /* ViewController.mm */; };
		F0D83BA225506ADD00C4952A /* Assets.xcassets in Resources */ = {isa = PBXBuildFile; fileRef = F0D83BA125506ADD00C4952A /* Assets.xcassets */; };
		F0D83BA525506ADD00C4952A /* Main.storyboard in Resources */ = {isa = PBXBuildFile; fileRef = F0D83BA325506ADD00C4952A /* Main.storyboard */; };
		F0D83BA825506ADD00C4952A /* main.m in Sources */ = {isa = PBXBuildFile; fileRef = F0D83BA725506ADD00C4952A /* main.m */; };
		F0D83BB325506ADD00C4952A /* CMPE320_Assignment3Tests.m in Sources */ = {isa = PBXBuildFile; fileRef = F0D83BB225506ADD00C4952A /* CMPE320_Assignment3Tests.m */; };
		F0D83BBE25506ADD00C4952A /* CMPE320_Assignment3UITests.m in Sources */ = {isa = PBXBuildFile; fileRef = F0D83BBD25506ADD00C4952A /* CMPE320_Assignment3UITests.m */; };
		F0D83BE02551C90200C4952A /* Libraries in Resources */ = {isa = PBXBuildFile; fileRef = F0D83BDF2551C90200C4952A /* Libraries */; };
		F0D83BE72551DE2200C4952A /* libFraction.dylib in Frameworks */ = {isa = PBXBuildFile; fileRef = F0D83BE62551DE2200C4952A /* libFraction.dylib */; };
		F0D83BE82551DE2200C4952A /* libFraction.dylib in Embed Libraries */ = {isa = PBXBuildFile; fileRef = F0D83BE62551DE2200C4952A /* libFraction.dylib */; settings = {ATTRIBUTES = (CodeSignOnCopy, ); }; };
/* End PBXBuildFile section */

/* Begin PBXContainerItemProxy section */
		F0D83BAF25506ADD00C4952A /* PBXContainerItemProxy */ = {
			isa = PBXContainerItemProxy;
			containerPortal = F0D83B9025506ADB00C4952A /* Project object */;
			proxyType = 1;
			remoteGlobalIDString = F0D83B9725506ADB00C4952A;
			remoteInfo = CMPE320_Assignment3;
		};
		F0D83BBA25506ADD00C4952A /* PBXContainerItemProxy */ = {
			isa = PBXContainerItemProxy;
			containerPortal = F0D83B9025506ADB00C4952A /* Project object */;
			proxyType = 1;
			remoteGlobalIDString = F0D83B9725506ADB00C4952A;
			remoteInfo = CMPE320_Assignment3;
		};
/* End PBXContainerItemProxy section */

/* Begin PBXCopyFilesBuildPhase section */
		F0D83BE92551DE2300C4952A /* Embed Libraries */ = {
			isa = PBXCopyFilesBuildPhase;
			buildActionMask = 2147483647;
			dstPath = "";
			dstSubfolderSpec = 10;
			files = (
				F0D83BE82551DE2200C4952A /* libFraction.dylib in Embed Libraries */,
			);
			name = "Embed Libraries";
			runOnlyForDeploymentPostprocessing = 0;
		};
/* End PBXCopyFilesBuildPhase section */

/* Begin PBXFileReference section */
		F01AA1A425547455008DD681 /* Window.m */ = {isa = PBXFileReference; lastKnownFileType = sourcecode.c.objc; path = Window.m; sourceTree = "<group>"; };
		F01AA1A62554746B008DD681 /* Window.h */ = {isa = PBXFileReference; lastKnownFileType = sourcecode.c.h; path = Window.h; sourceTree = "<group>"; };
		F0D83B9825506ADB00C4952A /* CMPE320_Assignment3.app */ = {isa = PBXFileReference; explicitFileType = wrapper.application; includeInIndex = 0; path = CMPE320_Assignment3.app; sourceTree = BUILT_PRODUCTS_DIR; };
		F0D83B9B25506ADB00C4952A /* AppDelegate.h */ = {isa = PBXFileReference; lastKnownFileType = sourcecode.c.h; path = AppDelegate.h; sourceTree = "<group>"; };
		F0D83B9C25506ADB00C4952A /* AppDelegate.m */ = {isa = PBXFileReference; lastKnownFileType = sourcecode.c.objc; path = AppDelegate.m; sourceTree = "<group>"; };
		F0D83B9E25506ADB00C4952A /* ViewController.h */ = {isa = PBXFileReference; lastKnownFileType = sourcecode.c.h; path = ViewController.h; sourceTree = "<group>"; };
		F0D83B9F25506ADB00C4952A /* ViewController.mm */ = {isa = PBXFileReference; lastKnownFileType = sourcecode.cpp.objcpp; path = ViewController.mm; sourceTree = "<group>"; };
		F0D83BA125506ADD00C4952A /* Assets.xcassets */ = {isa = PBXFileReference; lastKnownFileType = folder.assetcatalog; path = Assets.xcassets; sourceTree = "<group>"; };
		F0D83BA425506ADD00C4952A /* Base */ = {isa = PBXFileReference; lastKnownFileType = file.storyboard; name = Base; path = Base.lproj/Main.storyboard; sourceTree = "<group>"; };
		F0D83BA625506ADD00C4952A /* Info.plist */ = {isa = PBXFileReference; lastKnownFileType = text.plist.xml; path = Info.plist; sourceTree = "<group>"; };
		F0D83BA725506ADD00C4952A /* main.m */ = {isa = PBXFileReference; lastKnownFileType = sourcecode.c.objc; path = main.m; sourceTree = "<group>"; };
		F0D83BA925506ADD00C4952A /* CMPE320_Assignment3.entitlements */ = {isa = PBXFileReference; lastKnownFileType = text.plist.entitlements; path = CMPE320_Assignment3.entitlements; sourceTree = "<group>"; };
		F0D83BAE25506ADD00C4952A /* CMPE320_Assignment3Tests.xctest */ = {isa = PBXFileReference; explicitFileType = wrapper.cfbundle; includeInIndex = 0; path = CMPE320_Assignment3Tests.xctest; sourceTree = BUILT_PRODUCTS_DIR; };
		F0D83BB225506ADD00C4952A /* CMPE320_Assignment3Tests.m */ = {isa = PBXFileReference; lastKnownFileType = sourcecode.c.objc; path = CMPE320_Assignment3Tests.m; sourceTree = "<group>"; };
		F0D83BB425506ADD00C4952A /* Info.plist */ = {isa = PBXFileReference; lastKnownFileType = text.plist.xml; path = Info.plist; sourceTree = "<group>"; };
		F0D83BB925506ADD00C4952A /* CMPE320_Assignment3UITests.xctest */ = {isa = PBXFileReference; explicitFileType = wrapper.cfbundle; includeInIndex = 0; path = CMPE320_Assignment3UITests.xctest; sourceTree = BUILT_PRODUCTS_DIR; };
		F0D83BBD25506ADD00C4952A /* CMPE320_Assignment3UITests.m */ = {isa = PBXFileReference; lastKnownFileType = sourcecode.c.objc; path = CMPE320_Assignment3UITests.m; sourceTree = "<group>"; };
		F0D83BBF25506ADD00C4952A /* Info.plist */ = {isa = PBXFileReference; lastKnownFileType = text.plist.xml; path = Info.plist; sourceTree = "<group>"; };
		F0D83BDF2551C90200C4952A /* Libraries */ = {isa = PBXFileReference; lastKnownFileType = folder; path = Libraries; sourceTree = "<group>"; };
		F0D83BE62551DE2200C4952A /* libFraction.dylib */ = {isa = PBXFileReference; lastKnownFileType = "compiled.mach-o.dylib"; name = libFraction.dylib; path = CMPE320_Assignment3/Libraries/libFraction.dylib; sourceTree = "<group>"; };
/* End PBXFileReference section */

/* Begin PBXFrameworksBuildPhase section */
		F0D83B9525506ADB00C4952A /* Frameworks */ = {
			isa = PBXFrameworksBuildPhase;
			buildActionMask = 2147483647;
			files = (
				F0D83BE72551DE2200C4952A /* libFraction.dylib in Frameworks */,
			);
			runOnlyForDeploymentPostprocessing = 0;
		};
		F0D83BAB25506ADD00C4952A /* Frameworks */ = {
			isa = PBXFrameworksBuildPhase;
			buildActionMask = 2147483647;
			files = (
			);
			runOnlyForDeploymentPostprocessing = 0;
		};
		F0D83BB625506ADD00C4952A /* Frameworks */ = {
			isa = PBXFrameworksBuildPhase;
			buildActionMask = 2147483647;
			files = (
			);
			runOnlyForDeploymentPostprocessing = 0;
		};
/* End PBXFrameworksBuildPhase section */

/* Begin PBXGroup section */
		F0D83B8F25506ADB00C4952A = {
			isa = PBXGroup;
			children = (
				F0D83B9A25506ADB00C4952A /* CMPE320_Assignment3 */,
				F0D83BB125506ADD00C4952A /* CMPE320_Assignment3Tests */,
				F0D83BBC25506ADD00C4952A /* CMPE320_Assignment3UITests */,
				F0D83B9925506ADB00C4952A /* Products */,
				F0D83BE52551DE2200C4952A /* Frameworks */,
			);
			sourceTree = "<group>";
		};
		F0D83B9925506ADB00C4952A /* Products */ = {
			isa = PBXGroup;
			children = (
				F0D83B9825506ADB00C4952A /* CMPE320_Assignment3.app */,
				F0D83BAE25506ADD00C4952A /* CMPE320_Assignment3Tests.xctest */,
				F0D83BB925506ADD00C4952A /* CMPE320_Assignment3UITests.xctest */,
			);
			name = Products;
			sourceTree = "<group>";
		};
		F0D83B9A25506ADB00C4952A /* CMPE320_Assignment3 */ = {
			isa = PBXGroup;
			children = (
				F01AA1A425547455008DD681 /* Window.m */,
				F01AA1A62554746B008DD681 /* Window.h */,
				F0D83BDF2551C90200C4952A /* Libraries */,
				F0D83B9B25506ADB00C4952A /* AppDelegate.h */,
				F0D83B9C25506ADB00C4952A /* AppDelegate.m */,
				F0D83B9E25506ADB00C4952A /* ViewController.h */,
				F0D83B9F25506ADB00C4952A /* ViewController.mm */,
				F0D83BA125506ADD00C4952A /* Assets.xcassets */,
				F0D83BA325506ADD00C4952A /* Main.storyboard */,
				F0D83BA625506ADD00C4952A /* Info.plist */,
				F0D83BA725506ADD00C4952A /* main.m */,
				F0D83BA925506ADD00C4952A /* CMPE320_Assignment3.entitlements */,
			);
			path = CMPE320_Assignment3;
			sourceTree = "<group>";
		};
		F0D83BB125506ADD00C4952A /* CMPE320_Assignment3Tests */ = {
			isa = PBXGroup;
			children = (
				F0D83BB225506ADD00C4952A /* CMPE320_Assignment3Tests.m */,
				F0D83BB425506ADD00C4952A /* Info.plist */,
			);
			path = CMPE320_Assignment3Tests;
			sourceTree = "<group>";
		};
		F0D83BBC25506ADD00C4952A /* CMPE320_Assignment3UITests */ = {
			isa = PBXGroup;
			children = (
				F0D83BBD25506ADD00C4952A /* CMPE320_Assignment3UITests.m */,
				F0D83BBF25506ADD00C4952A /* Info.plist */,
			);
			path = CMPE320_Assignment3UITests;
			sourceTree = "<group>";
		};
		F0D83BE52551DE2200C4952A /* Frameworks */ = {
			isa = PBXGroup;
			children = (
				F0D83BE62551DE2200C4952A /* libFraction.dylib */,
			);
			name = Frameworks;
			sourceTree = "<group>";
		};
/* End PBXGroup section */

/* Begin PBXNativeTarget section */
		F0D83B9725506ADB00C4952A /* CMPE320_Assignment3 */ = {
			isa = PBXNativeTarget;
			buildConfigurationList = F0D83BC225506ADD00C4952A /* Build configuration list for PBXNativeTarget "CMPE320_Assignment3" */;
			buildPhases = (
				F0D83B9425506ADB00C4952A /* Sources */,
				F0D83B9525506ADB00C4952A /* Frameworks */,
				F0D83B9625506ADB00C4952A /* Resources */,
				F0D83BE92551DE2300C4952A /* Embed Libraries */,
			);
			buildRules = (
			);
			dependencies = (
			);
			name = CMPE320_Assignment3;
			productName = CMPE320_Assignment3;
			productReference = F0D83B9825506ADB00C4952A /* CMPE320_Assignment3.app */;
			productType = "com.apple.product-type.application";
		};
		F0D83BAD25506ADD00C4952A /* CMPE320_Assignment3Tests */ = {
			isa = PBXNativeTarget;
			buildConfigurationList = F0D83BC525506ADD00C4952A /* Build configuration list for PBXNativeTarget "CMPE320_Assignment3Tests" */;
			buildPhases = (
				F0D83BAA25506ADD00C4952A /* Sources */,
				F0D83BAB25506ADD00C4952A /* Frameworks */,
				F0D83BAC25506ADD00C4952A /* Resources */,
			);
			buildRules = (
			);
			dependencies = (
				F0D83BB025506ADD00C4952A /* PBXTargetDependency */,
			);
			name = CMPE320_Assignment3Tests;
			productName = CMPE320_Assignment3Tests;
			productReference = F0D83BAE25506ADD00C4952A /* CMPE320_Assignment3Tests.xctest */;
			productType = "com.apple.product-type.bundle.unit-test";
		};
		F0D83BB825506ADD00C4952A /* CMPE320_Assignment3UITests */ = {
			isa = PBXNativeTarget;
			buildConfigurationList = F0D83BC825506ADD00C4952A /* Build configuration list for PBXNativeTarget "CMPE320_Assignment3UITests" */;
			buildPhases = (
				F0D83BB525506ADD00C4952A /* Sources */,
				F0D83BB625506ADD00C4952A /* Frameworks */,
				F0D83BB725506ADD00C4952A /* Resources */,
			);
			buildRules = (
			);
			dependencies = (
				F0D83BBB25506ADD00C4952A /* PBXTargetDependency */,
			);
			name = CMPE320_Assignment3UITests;
			productName = CMPE320_Assignment3UITests;
			productReference = F0D83BB925506ADD00C4952A /* CMPE320_Assignment3UITests.xctest */;
			productType = "com.apple.product-type.bundle.ui-testing";
		};
/* End PBXNativeTarget section */

/* Begin PBXProject section */
		F0D83B9025506ADB00C4952A /* Project object */ = {
			isa = PBXProject;
			attributes = {
				LastUpgradeCheck = 1130;
				ORGANIZATIONNAME = "Oliver Logush";
				TargetAttributes = {
					F0D83B9725506ADB00C4952A = {
						CreatedOnToolsVersion = 11.3.1;
					};
					F0D83BAD25506ADD00C4952A = {
						CreatedOnToolsVersion = 11.3.1;
						TestTargetID = F0D83B9725506ADB00C4952A;
					};
					F0D83BB825506ADD00C4952A = {
						CreatedOnToolsVersion = 11.3.1;
						TestTargetID = F0D83B9725506ADB00C4952A;
					};
				};
			};
			buildConfigurationList = F0D83B9325506ADB00C4952A /* Build configuration list for PBXProject "CMPE320_Assignment3" */;
			compatibilityVersion = "Xcode 9.3";
			developmentRegion = en;
			hasScannedForEncodings = 0;
			knownRegions = (
				en,
				Base,
			);
			mainGroup = F0D83B8F25506ADB00C4952A;
			productRefGroup = F0D83B9925506ADB00C4952A /* Products */;
			projectDirPath = "";
			projectRoot = "";
			targets = (
				F0D83B9725506ADB00C4952A /* CMPE320_Assignment3 */,
				F0D83BAD25506ADD00C4952A /* CMPE320_Assignment3Tests */,
				F0D83BB825506ADD00C4952A /* CMPE320_Assignment3UITests */,
			);
		};
/* End PBXProject section */

/* Begin PBXResourcesBuildPhase section */
		F0D83B9625506ADB00C4952A /* Resources */ = {
			isa = PBXResourcesBuildPhase;
			buildActionMask = 2147483647;
			files = (
				F0D83BE02551C90200C4952A /* Libraries in Resources */,
				F0D83BA225506ADD00C4952A /* Assets.xcassets in Resources */,
				F0D83BA525506ADD00C4952A /* Main.storyboard in Resources */,
			);
			runOnlyForDeploymentPostprocessing = 0;
		};
		F0D83BAC25506ADD00C4952A /* Resources */ = {
			isa = PBXResourcesBuildPhase;
			buildActionMask = 2147483647;
			files = (
			);
			runOnlyForDeploymentPostprocessing = 0;
		};
		F0D83BB725506ADD00C4952A /* Resources */ = {
			isa = PBXResourcesBuildPhase;
			buildActionMask = 2147483647;
			files = (
			);
			runOnlyForDeploymentPostprocessing = 0;
		};
/* End PBXResourcesBuildPhase section */

/* Begin PBXSourcesBuildPhase section */
		F0D83B9425506ADB00C4952A /* Sources */ = {
			isa = PBXSourcesBuildPhase;
			buildActionMask = 2147483647;
			files = (
				F0D83BA025506ADB00C4952A /* ViewController.mm in Sources */,
				F0D83BA825506ADD00C4952A /* main.m in Sources */,
				F0D83B9D25506ADB00C4952A /* AppDelegate.m in Sources */,
				F01AA1A525547455008DD681 /* Window.m in Sources */,
			);
			runOnlyForDeploymentPostprocessing = 0;
		};
		F0D83BAA25506ADD00C4952A /* Sources */ = {
			isa = PBXSourcesBuildPhase;
			buildActionMask = 2147483647;
			files = (
				F0D83BB325506ADD00C4952A /* CMPE320_Assignment3Tests.m in Sources */,
			);
			runOnlyForDeploymentPostprocessing = 0;
		};
		F0D83BB525506ADD00C4952A /* Sources */ = {
			isa = PBXSourcesBuildPhase;
			buildActionMask = 2147483647;
			files = (
				F0D83BBE25506ADD00C4952A /* CMPE320_Assignment3UITests.m in Sources */,
			);
			runOnlyForDeploymentPostprocessing = 0;
		};
/* End PBXSourcesBuildPhase section */

/* Begin PBXTargetDependency section */
		F0D83BB025506ADD00C4952A /* PBXTargetDependency */ = {
			isa = PBXTargetDependency;
			target = F0D83B9725506ADB00C4952A /* CMPE320_Assignment3 */;
			targetProxy = F0D83BAF25506ADD00C4952A /* PBXContainerItemProxy */;
		};
		F0D83BBB25506ADD00C4952A /* PBXTargetDependency */ = {
			isa = PBXTargetDependency;
			target = F0D83B9725506ADB00C4952A /* CMPE320_Assignment3 */;
			targetProxy = F0D83BBA25506ADD00C4952A /* PBXContainerItemProxy */;
		};
/* End PBXTargetDependency section */

/* Begin PBXVariantGroup section */
		F0D83BA325506ADD00C4952A /* Main.storyboard */ = {
			isa = PBXVariantGroup;
			children = (
				F0D83BA425506ADD00C4952A /* Base */,
			);
			name = Main.storyboard;
			sourceTree = "<group>";
		};
/* End PBXVariantGroup section */

/* Begin XCBuildConfiguration section */
		F0D83BC025506ADD00C4952A /* Debug */ = {
			isa = XCBuildConfiguration;
			buildSettings = {
				ALWAYS_SEARCH_USER_PATHS = NO;
				CLANG_ANALYZER_NONNULL = YES;
				CLANG_ANALYZER_NUMBER_OBJECT_CONVERSION = YES_AGGRESSIVE;
				CLANG_CXX_LANGUAGE_STANDARD = "gnu++14";
				CLANG_CXX_LIBRARY = "libc++";
				CLANG_ENABLE_MODULES = YES;
				CLANG_ENABLE_OBJC_ARC = YES;
				CLANG_ENABLE_OBJC_WEAK = YES;
				CLANG_WARN_BLOCK_CAPTURE_AUTORELEASING = YES;
				CLANG_WARN_BOOL_CONVERSION = YES;
				CLANG_WARN_COMMA = YES;
				CLANG_WARN_CONSTANT_CONVERSION = YES;
				CLANG_WARN_DEPRECATED_OBJC_IMPLEMENTATIONS = YES;
				CLANG_WARN_DIRECT_OBJC_ISA_USAGE = YES_ERROR;
				CLANG_WARN_DOCUMENTATION_COMMENTS = YES;
				CLANG_WARN_EMPTY_BODY = YES;
				CLANG_WARN_ENUM_CONVERSION = YES;
				CLANG_WARN_INFINITE_RECURSION = YES;
				CLANG_WARN_INT_CONVERSION = YES;
				CLANG_WARN_NON_LITERAL_NULL_CONVERSION = YES;
				CLANG_WARN_OBJC_IMPLICIT_RETAIN_SELF = YES;
				CLANG_WARN_OBJC_LITERAL_CONVERSION = YES;
				CLANG_WARN_OBJC_ROOT_CLASS = YES_ERROR;
				CLANG_WARN_RANGE_LOOP_ANALYSIS = YES;
				CLANG_WARN_STRICT_PROTOTYPES = YES;
				CLANG_WARN_SUSPICIOUS_MOVE = YES;
				CLANG_WARN_UNGUARDED_AVAILABILITY = YES_AGGRESSIVE;
				CLANG_WARN_UNREACHABLE_CODE = YES;
				CLANG_WARN__DUPLICATE_METHOD_MATCH = YES;
				COPY_PHASE_STRIP = NO;
				DEBUG_INFORMATION_FORMAT = dwarf;
				ENABLE_STRICT_OBJC_MSGSEND = YES;
				ENABLE_TESTABILITY = YES;
				GCC_C_LANGUAGE_STANDARD = gnu11;
				GCC_DYNAMIC_NO_PIC = NO;
				GCC_NO_COMMON_BLOCKS = YES;
				GCC_OPTIMIZATION_LEVEL = 0;
				GCC_PREPROCESSOR_DEFINITIONS = (
					"DEBUG=1",
					"$(inherited)",
				);
				GCC_WARN_64_TO_32_BIT_CONVERSION = YES;
				GCC_WARN_ABOUT_RETURN_TYPE = YES_ERROR;
				GCC_WARN_UNDECLARED_SELECTOR = YES;
				GCC_WARN_UNINITIALIZED_AUTOS = YES_AGGRESSIVE;
				GCC_WARN_UNUSED_FUNCTION = YES;
				GCC_WARN_UNUSED_VARIABLE = YES;
				MACOSX_DEPLOYMENT_TARGET = 10.14;
				MTL_ENABLE_DEBUG_INFO = INCLUDE_SOURCE;
				MTL_FAST_MATH = YES;
				ONLY_ACTIVE_ARCH = YES;
				SDKROOT = macosx;
			};
			name = Debug;
		};
		F0D83BC125506ADD00C4952A /* Release */ = {
			isa = XCBuildConfiguration;
			buildSettings = {
				ALWAYS_SEARCH_USER_PATHS = NO;
				CLANG_ANALYZER_NONNULL = YES;
				CLANG_ANALYZER_NUMBER_OBJECT_CONVERSION = YES_AGGRESSIVE;
				CLANG_CXX_LANGUAGE_STANDARD = "gnu++14";
				CLANG_CXX_LIBRARY = "libc++";
				CLANG_ENABLE_MODULES = YES;
				CLANG_ENABLE_OBJC_ARC = YES;
				CLANG_ENABLE_OBJC_WEAK = YES;
				CLANG_WARN_BLOCK_CAPTURE_AUTORELEASING = YES;
				CLANG_WARN_BOOL_CONVERSION = YES;
				CLANG_WARN_COMMA = YES;
				CLANG_WARN_CONSTANT_CONVERSION = YES;
				CLANG_WARN_DEPRECATED_OBJC_IMPLEMENTATIONS = YES;
				CLANG_WARN_DIRECT_OBJC_ISA_USAGE = YES_ERROR;
				CLANG_WARN_DOCUMENTATION_COMMENTS = YES;
				CLANG_WARN_EMPTY_BODY = YES;
				CLANG_WARN_ENUM_CONVERSION = YES;
				CLANG_WARN_INFINITE_RECURSION = YES;
				CLANG_WARN_INT_CONVERSION = YES;
				CLANG_WARN_NON_LITERAL_NULL_CONVERSION = YES;
				CLANG_WARN_OBJC_IMPLICIT_RETAIN_SELF = YES;
				CLANG_WARN_OBJC_LITERAL_CONVERSION = YES;
				CLANG_WARN_OBJC_ROOT_CLASS = YES_ERROR;
				CLANG_WARN_RANGE_LOOP_ANALYSIS = YES;
				CLANG_WARN_STRICT_PROTOTYPES = YES;
				CLANG_WARN_SUSPICIOUS_MOVE = YES;
				CLANG_WARN_UNGUARDED_AVAILABILITY = YES_AGGRESSIVE;
				CLANG_WARN_UNREACHABLE_CODE = YES;
				CLANG_WARN__DUPLICATE_METHOD_MATCH = YES;
				COPY_PHASE_STRIP = NO;
				DEBUG_INFORMATION_FORMAT = "dwarf-with-dsym";
				ENABLE_NS_ASSERTIONS = NO;
				ENABLE_STRICT_OBJC_MSGSEND = YES;
				GCC_C_LANGUAGE_STANDARD = gnu11;
				GCC_NO_COMMON_BLOCKS = YES;
				GCC_WARN_64_TO_32_BIT_CONVERSION = YES;
				GCC_WARN_ABOUT_RETURN_TYPE = YES_ERROR;
				GCC_WARN_UNDECLARED_SELECTOR = YES;
				GCC_WARN_UNINITIALIZED_AUTOS = YES_AGGRESSIVE;
				GCC_WARN_UNUSED_FUNCTION = YES;
				GCC_WARN_UNUSED_VARIABLE = YES;
				MACOSX_DEPLOYMENT_TARGET = 10.14;
				MTL_ENABLE_DEBUG_INFO = NO;
				MTL_FAST_MATH = YES;
				SDKROOT = macosx;
			};
			name = Release;
		};
		F0D83BC325506ADD00C4952A /* Debug */ = {
			isa = XCBuildConfiguration;
			buildSettings = {
				ASSETCATALOG_COMPILER_APPICON_NAME = AppIcon;
				CLANG_CXX_LANGUAGE_STANDARD = "c++17";
				CLANG_CXX_LIBRARY = "libc++";
				CODE_SIGN_ENTITLEMENTS = CMPE320_Assignment3/CMPE320_Assignment3.entitlements;
				CODE_SIGN_STYLE = Automatic;
				COMBINE_HIDPI_IMAGES = YES;
				DYLD_LIBRARY_PATH = "\"${SRCROOT}/CMPE320_Assignment3/Libraries\"";
				"HEADER_SEARCH_PATHS[arch=*]" = "\"${SRC_ROOT}/Libraries\"";
				INFOPLIST_FILE = CMPE320_Assignment3/Info.plist;
				LD_LIBRARY_PATH = "\"${SRCROOT}/CMPE320_Assignment3/Libraries\"";
				LD_RUNPATH_SEARCH_PATHS = (
					"\"${SRCROOT}/Libraries\"",
					"$(inherited)",
					"@executable_path/../Frameworks",
					"@loader_path/Libraries",
				);
				LIBRARY_SEARCH_PATHS = (
					"$(inherited)",
					"$(PROJECT_DIR)/CMPE320_Assignment3/Libraries",
					"\"${SRC_ROOT}/Libraries\"",
				);
				MACH_O_TYPE = mh_execute;
				NEW_SETTING = "";
				PRODUCT_BUNDLE_IDENTIFIER = "com.oliverlogush.CMPE320-Assignment3";
				PRODUCT_NAME = "$(TARGET_NAME)";
			};
			name = Debug;
		};
		F0D83BC425506ADD00C4952A /* Release */ = {
			isa = XCBuildConfiguration;
			buildSettings = {
				ASSETCATALOG_COMPILER_APPICON_NAME = AppIcon;
				CLANG_CXX_LANGUAGE_STANDARD = "c++17";
				CLANG_CXX_LIBRARY = "libc++";
				CODE_SIGN_ENTITLEMENTS = CMPE320_Assignment3/CMPE320_Assignment3.entitlements;
				CODE_SIGN_STYLE = Automatic;
				COMBINE_HIDPI_IMAGES = YES;
				DYLD_LIBRARY_PATH = "\"${SRCROOT}/CMPE320_Assignment3/Libraries\"";
				"HEADER_SEARCH_PATHS[arch=*]" = "";
				INFOPLIST_FILE = CMPE320_Assignment3/Info.plist;
				LD_LIBRARY_PATH = "\"${SRCROOT}/CMPE320_Assignment3/Libraries\"";
				LD_RUNPATH_SEARCH_PATHS = (
					"\"${SRCROOT}/Libraries\"",
					"$(inherited)",
					"@executable_path/../Frameworks",
					"@loader_path/Libraries",
				);
				LIBRARY_SEARCH_PATHS = (
					"$(inherited)",
					"$(PROJECT_DIR)/CMPE320_Assignment3/Libraries",
					"\"${SRC_ROOT}/Libraries\"",
				);
				MACH_O_TYPE = mh_execute;
				NEW_SETTING = "";
				PRODUCT_BUNDLE_IDENTIFIER = "com.oliverlogush.CMPE320-Assignment3";
				PRODUCT_NAME = "$(TARGET_NAME)";
			};
			name = Release;
		};
		F0D83BC625506ADD00C4952A /* Debug */ = {
			isa = XCBuildConfiguration;
			buildSettings = {
				BUNDLE_LOADER = "$(TEST_HOST)";
				CODE_SIGN_STYLE = Automatic;
				COMBINE_HIDPI_IMAGES = YES;
				INFOPLIST_FILE = CMPE320_Assignment3Tests/Info.plist;
				LD_RUNPATH_SEARCH_PATHS = (
					"$(inherited)",
					"@executable_path/../Frameworks",
					"@loader_path/../Frameworks",
				);
				MACOSX_DEPLOYMENT_TARGET = 10.14;
				PRODUCT_BUNDLE_IDENTIFIER = "com.oliverlogush.CMPE320-Assignment3Tests";
				PRODUCT_NAME = "$(TARGET_NAME)";
				TEST_HOST = "$(BUILT_PRODUCTS_DIR)/CMPE320_Assignment3.app/Contents/MacOS/CMPE320_Assignment3";
			};
			name = Debug;
		};
		F0D83BC725506ADD00C4952A /* Release */ = {
			isa = XCBuildConfiguration;
			buildSettings = {
				BUNDLE_LOADER = "$(TEST_HOST)";
				CODE_SIGN_STYLE = Automatic;
				COMBINE_HIDPI_IMAGES = YES;
				INFOPLIST_FILE = CMPE320_Assignment3Tests/Info.plist;
				LD_RUNPATH_SEARCH_PATHS = (
					"$(inherited)",
					"@executable_path/../Frameworks",
					"@loader_path/../Frameworks",
				);
				MACOSX_DEPLOYMENT_TARGET = 10.14;
				PRODUCT_BUNDLE_IDENTIFIER = "com.oliverlogush.CMPE320-Assignment3Tests";
				PRODUCT_NAME = "$(TARGET_NAME)";
				TEST_HOST = "$(BUILT_PRODUCTS_DIR)/CMPE320_Assignment3.app/Contents/MacOS/CMPE320_Assignment3";
			};
			name = Release;
		};
		F0D83BC925506ADD00C4952A /* Debug */ = {
			isa = XCBuildConfiguration;
			buildSettings = {
				CODE_SIGN_STYLE = Automatic;
				COMBINE_HIDPI_IMAGES = YES;
				INFOPLIST_FILE = CMPE320_Assignment3UITests/Info.plist;
				LD_RUNPATH_SEARCH_PATHS = (
					"$(inherited)",
					"@executable_path/../Frameworks",
					"@loader_path/../Frameworks",
				);
				PRODUCT_BUNDLE_IDENTIFIER = "com.oliverlogush.CMPE320-Assignment3UITests";
				PRODUCT_NAME = "$(TARGET_NAME)";
				TEST_TARGET_NAME = CMPE320_Assignment3;
			};
			name = Debug;
		};
		F0D83BCA25506ADD00C4952A /* Release */ = {
			isa = XCBuildConfiguration;
			buildSettings = {
				CODE_SIGN_STYLE = Automatic;
				COMBINE_HIDPI_IMAGES = YES;
				INFOPLIST_FILE = CMPE320_Assignment3UITests/Info.plist;
				LD_RUNPATH_SEARCH_PATHS = (
					"$(inherited)",
					"@executable_path/../Frameworks",
					"@loader_path/../Frameworks",
				);
				PRODUCT_BUNDLE_IDENTIFIER = "com.oliverlogush.CMPE320-Assignment3UITests";
				PRODUCT_NAME = "$(TARGET_NAME)";
				TEST_TARGET_NAME = CMPE320_Assignment3;
			};
			name = Release;
		};
/* End XCBuildConfiguration section */

/* Begin XCConfigurationList section */
		F0D83B9325506ADB00C4952A /* Build configuration list for PBXProject "CMPE320_Assignment3" */ = {
			isa = XCConfigurationList;
			buildConfigurations = (
				F0D83BC025506ADD00C4952A /* Debug */,
				F0D83BC125506ADD00C4952A /* Release */,
			);
			defaultConfigurationIsVisible = 0;
			defaultConfigurationName = Release;
		};
		F0D83BC225506ADD00C4952A /* Build configuration list for PBXNativeTarget "CMPE320_Assignment3" */ = {
			isa = XCConfigurationList;
			buildConfigurations = (
				F0D83BC325506ADD00C4952A /* Debug */,
				F0D83BC425506ADD00C4952A /* Release */,
			);
			defaultConfigurationIsVisible = 0;
			defaultConfigurationName = Release;
		};
		F0D83BC525506ADD00C4952A /* Build configuration list for PBXNativeTarget "CMPE320_Assignment3Tests" */ = {
			isa = XCConfigurationList;
			buildConfigurations = (
				F0D83BC625506ADD00C4952A /* Debug */,
				F0D83BC725506ADD00C4952A /* Release */,
			);
			defaultConfigurationIsVisible = 0;
			defaultConfigurationName = Release;
		};
		F0D83BC825506ADD00C4952A /* Build configuration list for PBXNativeTarget "CMPE320_Assignment3UITests" */ = {
			isa = XCConfigurationList;
			buildConfigurations = (
				F0D83BC925506ADD00C4952A /* Debug */,
				F0D83BCA25506ADD00C4952A /* Release */,
			);
			defaultConfigurationIsVisible = 0;
			defaultConfigurationName = Release;
		};
/* End XCConfigurationList section */
	};
	rootObject = F0D83B9025506ADB00C4952A /* Project object */;
}
